// !$*UTF8*$!
{
	archiveVersion = 1;
	classes = {
	};
	objectVersion = 46;
	objects = {

/* Begin PBXBuildFile section */
		4C304C8E1964712A00946E97 /* Foundation.framework in Frameworks */ = {isa = PBXBuildFile; fileRef = 4C304C8D1964712A00946E97 /* Foundation.framework */; };
		4C304C901964712A00946E97 /* CoreGraphics.framework in Frameworks */ = {isa = PBXBuildFile; fileRef = 4C304C8F1964712A00946E97 /* CoreGraphics.framework */; };
		4C304C921964712A00946E97 /* UIKit.framework in Frameworks */ = {isa = PBXBuildFile; fileRef = 4C304C911964712A00946E97 /* UIKit.framework */; };
		4C304C981964712A00946E97 /* InfoPlist.strings in Resources */ = {isa = PBXBuildFile; fileRef = 4C304C961964712A00946E97 /* InfoPlist.strings */; };
		4C304C9A1964712A00946E97 /* main.m in Sources */ = {isa = PBXBuildFile; fileRef = 4C304C991964712A00946E97 /* main.m */; };
		4C304C9E1964712A00946E97 /* FBZAppDelegate.m in Sources */ = {isa = PBXBuildFile; fileRef = 4C304C9D1964712A00946E97 /* FBZAppDelegate.m */; };
		4C304CA01964712A00946E97 /* Images.xcassets in Resources */ = {isa = PBXBuildFile; fileRef = 4C304C9F1964712A00946E97 /* Images.xcassets */; };
		4C304CA71964712A00946E97 /* XCTest.framework in Frameworks */ = {isa = PBXBuildFile; fileRef = 4C304CA61964712A00946E97 /* XCTest.framework */; };
		4C304CA81964712A00946E97 /* Foundation.framework in Frameworks */ = {isa = PBXBuildFile; fileRef = 4C304C8D1964712A00946E97 /* Foundation.framework */; };
		4C304CA91964712A00946E97 /* UIKit.framework in Frameworks */ = {isa = PBXBuildFile; fileRef = 4C304C911964712A00946E97 /* UIKit.framework */; };
		4C304CB11964712A00946E97 /* InfoPlist.strings in Resources */ = {isa = PBXBuildFile; fileRef = 4C304CAF1964712A00946E97 /* InfoPlist.strings */; };
		4C304CB31964712A00946E97 /* BuzzwordTests.m in Sources */ = {isa = PBXBuildFile; fileRef = 4C304CB21964712A00946E97 /* BuzzwordTests.m */; };
		4C304CBD196471F400946E97 /* SystemConfiguration.framework in Frameworks */ = {isa = PBXBuildFile; fileRef = 4C304CBC196471F400946E97 /* SystemConfiguration.framework */; };
		4C304CC119648F8F00946E97 /* FBZConferencesTableViewController.m in Sources */ = {isa = PBXBuildFile; fileRef = 4C304CBF19648F8F00946E97 /* FBZConferencesTableViewController.m */; };
		4C304CC219648F8F00946E97 /* FBZConferencesTableViewController.xib in Resources */ = {isa = PBXBuildFile; fileRef = 4C304CC019648F8F00946E97 /* FBZConferencesTableViewController.xib */; };
		4C304CC619649DEB00946E97 /* FBZConference.m in Sources */ = {isa = PBXBuildFile; fileRef = 4C304CC519649DEB00946E97 /* FBZConference.m */; };
		4C304CCA1964A18E00946E97 /* FirebaseSimpleLogin.framework in Frameworks */ = {isa = PBXBuildFile; fileRef = 4C304CC91964A18E00946E97 /* FirebaseSimpleLogin.framework */; };
		4C304CCC1964A1A400946E97 /* Accounts.framework in Frameworks */ = {isa = PBXBuildFile; fileRef = 4C304CCB1964A1A400946E97 /* Accounts.framework */; };
		4C304CCE1964A1AB00946E97 /* Social.framework in Frameworks */ = {isa = PBXBuildFile; fileRef = 4C304CCD1964A1AB00946E97 /* Social.framework */; };
		4C304CD21964A2F300946E97 /* FBZLoginViewController.m in Sources */ = {isa = PBXBuildFile; fileRef = 4C304CD01964A2F300946E97 /* FBZLoginViewController.m */; };
		4C304CD31964A2F300946E97 /* FBZLoginViewController.xib in Resources */ = {isa = PBXBuildFile; fileRef = 4C304CD11964A2F300946E97 /* FBZLoginViewController.xib */; };
		4C304CD81964C6D700946E97 /* FBZBuzzwordsTableViewController.m in Sources */ = {isa = PBXBuildFile; fileRef = 4C304CD61964C6D700946E97 /* FBZBuzzwordsTableViewController.m */; };
		4C304CD91964C6D700946E97 /* FBZBuzzwordsTableViewController.xib in Resources */ = {isa = PBXBuildFile; fileRef = 4C304CD71964C6D700946E97 /* FBZBuzzwordsTableViewController.xib */; };
		61D79A064C144E339D4E21F2 /* libPods.a in Frameworks */ = {isa = PBXBuildFile; fileRef = B07A028E91E842E2B36C7842 /* libPods.a */; };
/* End PBXBuildFile section */

/* Begin PBXContainerItemProxy section */
		4C304CAA1964712A00946E97 /* PBXContainerItemProxy */ = {
			isa = PBXContainerItemProxy;
			containerPortal = 4C304C821964712A00946E97 /* Project object */;
			proxyType = 1;
			remoteGlobalIDString = 4C304C891964712A00946E97;
			remoteInfo = Buzzword;
		};
/* End PBXContainerItemProxy section */

/* Begin PBXFileReference section */
		4C304C8A1964712A00946E97 /* Buzzword.app */ = {isa = PBXFileReference; explicitFileType = wrapper.application; includeInIndex = 0; path = Buzzword.app; sourceTree = BUILT_PRODUCTS_DIR; };
		4C304C8D1964712A00946E97 /* Foundation.framework */ = {isa = PBXFileReference; lastKnownFileType = wrapper.framework; name = Foundation.framework; path = System/Library/Frameworks/Foundation.framework; sourceTree = SDKROOT; };
		4C304C8F1964712A00946E97 /* CoreGraphics.framework */ = {isa = PBXFileReference; lastKnownFileType = wrapper.framework; name = CoreGraphics.framework; path = System/Library/Frameworks/CoreGraphics.framework; sourceTree = SDKROOT; };
		4C304C911964712A00946E97 /* UIKit.framework */ = {isa = PBXFileReference; lastKnownFileType = wrapper.framework; name = UIKit.framework; path = System/Library/Frameworks/UIKit.framework; sourceTree = SDKROOT; };
		4C304C951964712A00946E97 /* Buzzword-Info.plist */ = {isa = PBXFileReference; lastKnownFileType = text.plist.xml; path = "Buzzword-Info.plist"; sourceTree = "<group>"; };
		4C304C971964712A00946E97 /* en */ = {isa = PBXFileReference; lastKnownFileType = text.plist.strings; name = en; path = en.lproj/InfoPlist.strings; sourceTree = "<group>"; };
		4C304C991964712A00946E97 /* main.m */ = {isa = PBXFileReference; lastKnownFileType = sourcecode.c.objc; path = main.m; sourceTree = "<group>"; };
		4C304C9B1964712A00946E97 /* Buzzword-Prefix.pch */ = {isa = PBXFileReference; lastKnownFileType = sourcecode.c.h; path = "Buzzword-Prefix.pch"; sourceTree = "<group>"; };
		4C304C9C1964712A00946E97 /* FBZAppDelegate.h */ = {isa = PBXFileReference; lastKnownFileType = sourcecode.c.h; path = FBZAppDelegate.h; sourceTree = "<group>"; };
		4C304C9D1964712A00946E97 /* FBZAppDelegate.m */ = {isa = PBXFileReference; lastKnownFileType = sourcecode.c.objc; path = FBZAppDelegate.m; sourceTree = "<group>"; };
		4C304C9F1964712A00946E97 /* Images.xcassets */ = {isa = PBXFileReference; lastKnownFileType = folder.assetcatalog; path = Images.xcassets; sourceTree = "<group>"; };
		4C304CA51964712A00946E97 /* BuzzwordTests.xctest */ = {isa = PBXFileReference; explicitFileType = wrapper.cfbundle; includeInIndex = 0; path = BuzzwordTests.xctest; sourceTree = BUILT_PRODUCTS_DIR; };
		4C304CA61964712A00946E97 /* XCTest.framework */ = {isa = PBXFileReference; lastKnownFileType = wrapper.framework; name = XCTest.framework; path = Library/Frameworks/XCTest.framework; sourceTree = DEVELOPER_DIR; };
		4C304CAE1964712A00946E97 /* BuzzwordTests-Info.plist */ = {isa = PBXFileReference; lastKnownFileType = text.plist.xml; path = "BuzzwordTests-Info.plist"; sourceTree = "<group>"; };
		4C304CB01964712A00946E97 /* en */ = {isa = PBXFileReference; lastKnownFileType = text.plist.strings; name = en; path = en.lproj/InfoPlist.strings; sourceTree = "<group>"; };
		4C304CB21964712A00946E97 /* BuzzwordTests.m */ = {isa = PBXFileReference; lastKnownFileType = sourcecode.c.objc; path = BuzzwordTests.m; sourceTree = "<group>"; };
		4C304CBC196471F400946E97 /* SystemConfiguration.framework */ = {isa = PBXFileReference; lastKnownFileType = wrapper.framework; name = SystemConfiguration.framework; path = System/Library/Frameworks/SystemConfiguration.framework; sourceTree = SDKROOT; };
		4C304CBE19648F8F00946E97 /* FBZConferencesTableViewController.h */ = {isa = PBXFileReference; fileEncoding = 4; lastKnownFileType = sourcecode.c.h; path = FBZConferencesTableViewController.h; sourceTree = "<group>"; };
		4C304CBF19648F8F00946E97 /* FBZConferencesTableViewController.m */ = {isa = PBXFileReference; fileEncoding = 4; lastKnownFileType = sourcecode.c.objc; path = FBZConferencesTableViewController.m; sourceTree = "<group>"; };
		4C304CC019648F8F00946E97 /* FBZConferencesTableViewController.xib */ = {isa = PBXFileReference; fileEncoding = 4; lastKnownFileType = file.xib; path = FBZConferencesTableViewController.xib; sourceTree = "<group>"; };
		4C304CC419649DEB00946E97 /* FBZConference.h */ = {isa = PBXFileReference; fileEncoding = 4; lastKnownFileType = sourcecode.c.h; path = FBZConference.h; sourceTree = "<group>"; };
		4C304CC519649DEB00946E97 /* FBZConference.m */ = {isa = PBXFileReference; fileEncoding = 4; lastKnownFileType = sourcecode.c.objc; path = FBZConference.m; sourceTree = "<group>"; };
		4C304CC719649EE400946E97 /* FirebaseProtocol.h */ = {isa = PBXFileReference; fileEncoding = 4; lastKnownFileType = sourcecode.c.h; path = FirebaseProtocol.h; sourceTree = "<group>"; };
		4C304CC91964A18E00946E97 /* FirebaseSimpleLogin.framework */ = {isa = PBXFileReference; lastKnownFileType = wrapper.framework; path = FirebaseSimpleLogin.framework; sourceTree = "<group>"; };
		4C304CCB1964A1A400946E97 /* Accounts.framework */ = {isa = PBXFileReference; lastKnownFileType = wrapper.framework; name = Accounts.framework; path = System/Library/Frameworks/Accounts.framework; sourceTree = SDKROOT; };
		4C304CCD1964A1AB00946E97 /* Social.framework */ = {isa = PBXFileReference; lastKnownFileType = wrapper.framework; name = Social.framework; path = System/Library/Frameworks/Social.framework; sourceTree = SDKROOT; };
		4C304CCF1964A2F300946E97 /* FBZLoginViewController.h */ = {isa = PBXFileReference; fileEncoding = 4; lastKnownFileType = sourcecode.c.h; path = FBZLoginViewController.h; sourceTree = "<group>"; };
		4C304CD01964A2F300946E97 /* FBZLoginViewController.m */ = {isa = PBXFileReference; fileEncoding = 4; lastKnownFileType = sourcecode.c.objc; path = FBZLoginViewController.m; sourceTree = "<group>"; };
		4C304CD11964A2F300946E97 /* FBZLoginViewController.xib */ = {isa = PBXFileReference; fileEncoding = 4; lastKnownFileType = file.xib; path = FBZLoginViewController.xib; sourceTree = "<group>"; };
		4C304CD51964C6D700946E97 /* FBZBuzzwordsTableViewController.h */ = {isa = PBXFileReference; fileEncoding = 4; lastKnownFileType = sourcecode.c.h; path = FBZBuzzwordsTableViewController.h; sourceTree = "<group>"; };
		4C304CD61964C6D700946E97 /* FBZBuzzwordsTableViewController.m */ = {isa = PBXFileReference; fileEncoding = 4; lastKnownFileType = sourcecode.c.objc; path = FBZBuzzwordsTableViewController.m; sourceTree = "<group>"; };
		4C304CD71964C6D700946E97 /* FBZBuzzwordsTableViewController.xib */ = {isa = PBXFileReference; fileEncoding = 4; lastKnownFileType = file.xib; path = FBZBuzzwordsTableViewController.xib; sourceTree = "<group>"; };
		627D0D9A49204EB3B2614887 /* Pods.xcconfig */ = {isa = PBXFileReference; includeInIndex = 1; lastKnownFileType = text.xcconfig; name = Pods.xcconfig; path = Pods/Pods.xcconfig; sourceTree = "<group>"; };
		B07A028E91E842E2B36C7842 /* libPods.a */ = {isa = PBXFileReference; explicitFileType = archive.ar; includeInIndex = 0; path = libPods.a; sourceTree = BUILT_PRODUCTS_DIR; };
/* End PBXFileReference section */

/* Begin PBXFrameworksBuildPhase section */
		4C304C871964712A00946E97 /* Frameworks */ = {
			isa = PBXFrameworksBuildPhase;
			buildActionMask = 2147483647;
			files = (
				4C304CCE1964A1AB00946E97 /* Social.framework in Frameworks */,
				4C304CCC1964A1A400946E97 /* Accounts.framework in Frameworks */,
				4C304C901964712A00946E97 /* CoreGraphics.framework in Frameworks */,
				4C304CCA1964A18E00946E97 /* FirebaseSimpleLogin.framework in Frameworks */,
				4C304C921964712A00946E97 /* UIKit.framework in Frameworks */,
				4C304C8E1964712A00946E97 /* Foundation.framework in Frameworks */,
				4C304CBD196471F400946E97 /* SystemConfiguration.framework in Frameworks */,
				61D79A064C144E339D4E21F2 /* libPods.a in Frameworks */,
			);
			runOnlyForDeploymentPostprocessing = 0;
		};
		4C304CA21964712A00946E97 /* Frameworks */ = {
			isa = PBXFrameworksBuildPhase;
			buildActionMask = 2147483647;
			files = (
				4C304CA71964712A00946E97 /* XCTest.framework in Frameworks */,
				4C304CA91964712A00946E97 /* UIKit.framework in Frameworks */,
				4C304CA81964712A00946E97 /* Foundation.framework in Frameworks */,
			);
			runOnlyForDeploymentPostprocessing = 0;
		};
/* End PBXFrameworksBuildPhase section */

/* Begin PBXGroup section */
		4C304C811964712A00946E97 = {
			isa = PBXGroup;
			children = (
				4C304C931964712A00946E97 /* Buzzword */,
				4C304CAC1964712A00946E97 /* BuzzwordTests */,
				4C304C8C1964712A00946E97 /* Frameworks */,
				4C304C8B1964712A00946E97 /* Products */,
				627D0D9A49204EB3B2614887 /* Pods.xcconfig */,
			);
			sourceTree = "<group>";
		};
		4C304C8B1964712A00946E97 /* Products */ = {
			isa = PBXGroup;
			children = (
				4C304C8A1964712A00946E97 /* Buzzword.app */,
				4C304CA51964712A00946E97 /* BuzzwordTests.xctest */,
			);
			name = Products;
			sourceTree = "<group>";
		};
		4C304C8C1964712A00946E97 /* Frameworks */ = {
			isa = PBXGroup;
			children = (
				4C304CCD1964A1AB00946E97 /* Social.framework */,
				4C304CCB1964A1A400946E97 /* Accounts.framework */,
				4C304CC91964A18E00946E97 /* FirebaseSimpleLogin.framework */,
				4C304CBC196471F400946E97 /* SystemConfiguration.framework */,
				4C304C8D1964712A00946E97 /* Foundation.framework */,
				4C304C8F1964712A00946E97 /* CoreGraphics.framework */,
				4C304C911964712A00946E97 /* UIKit.framework */,
				4C304CA61964712A00946E97 /* XCTest.framework */,
				B07A028E91E842E2B36C7842 /* libPods.a */,
			);
			name = Frameworks;
			sourceTree = "<group>";
		};
		4C304C931964712A00946E97 /* Buzzword */ = {
			isa = PBXGroup;
			children = (
				4C304C9F1964712A00946E97 /* Images.xcassets */,
				4C304C9C1964712A00946E97 /* FBZAppDelegate.h */,
				4C304C9D1964712A00946E97 /* FBZAppDelegate.m */,
				4C304CC319648F9400946E97 /* Conferences */,
				4C304CDA1964D36600946E97 /* Buzzwords */,
				4C304CC81964A14400946E97 /* Model Objects */,
				4C304CD41964A60800946E97 /* Login */,
				4C304C941964712A00946E97 /* Supporting Files */,
			);
			path = Buzzword;
			sourceTree = "<group>";
		};
		4C304C941964712A00946E97 /* Supporting Files */ = {
			isa = PBXGroup;
			children = (
				4C304C951964712A00946E97 /* Buzzword-Info.plist */,
				4C304C961964712A00946E97 /* InfoPlist.strings */,
				4C304C991964712A00946E97 /* main.m */,
				4C304C9B1964712A00946E97 /* Buzzword-Prefix.pch */,
			);
			name = "Supporting Files";
			sourceTree = "<group>";
		};
		4C304CAC1964712A00946E97 /* BuzzwordTests */ = {
			isa = PBXGroup;
			children = (
				4C304CB21964712A00946E97 /* BuzzwordTests.m */,
				4C304CAD1964712A00946E97 /* Supporting Files */,
			);
			path = BuzzwordTests;
			sourceTree = "<group>";
		};
		4C304CAD1964712A00946E97 /* Supporting Files */ = {
			isa = PBXGroup;
			children = (
				4C304CAE1964712A00946E97 /* BuzzwordTests-Info.plist */,
				4C304CAF1964712A00946E97 /* InfoPlist.strings */,
			);
			name = "Supporting Files";
			sourceTree = "<group>";
		};
		4C304CC319648F9400946E97 /* Conferences */ = {
			isa = PBXGroup;
			children = (
				4C304CBE19648F8F00946E97 /* FBZConferencesTableViewController.h */,
				4C304CBF19648F8F00946E97 /* FBZConferencesTableViewController.m */,
				4C304CC019648F8F00946E97 /* FBZConferencesTableViewController.xib */,
			);
			name = Conferences;
			sourceTree = "<group>";
		};
		4C304CC81964A14400946E97 /* Model Objects */ = {
			isa = PBXGroup;
			children = (
				4C304CC719649EE400946E97 /* FirebaseProtocol.h */,
				4C304CC419649DEB00946E97 /* FBZConference.h */,
				4C304CC519649DEB00946E97 /* FBZConference.m */,
			);
			name = "Model Objects";
			sourceTree = "<group>";
		};
		4C304CD41964A60800946E97 /* Login */ = {
			isa = PBXGroup;
			children = (
				4C304CCF1964A2F300946E97 /* FBZLoginViewController.h */,
				4C304CD01964A2F300946E97 /* FBZLoginViewController.m */,
				4C304CD11964A2F300946E97 /* FBZLoginViewController.xib */,
			);
			name = Login;
			sourceTree = "<group>";
		};
		4C304CDA1964D36600946E97 /* Buzzwords */ = {
			isa = PBXGroup;
			children = (
				4C304CD51964C6D700946E97 /* FBZBuzzwordsTableViewController.h */,
				4C304CD61964C6D700946E97 /* FBZBuzzwordsTableViewController.m */,
				4C304CD71964C6D700946E97 /* FBZBuzzwordsTableViewController.xib */,
			);
			name = Buzzwords;
			sourceTree = "<group>";
		};
/* End PBXGroup section */

/* Begin PBXNativeTarget section */
		4C304C891964712A00946E97 /* Buzzword */ = {
			isa = PBXNativeTarget;
			buildConfigurationList = 4C304CB61964712A00946E97 /* Build configuration list for PBXNativeTarget "Buzzword" */;
			buildPhases = (
				C519C0B18EB04AB2A555AF83 /* Check Pods Manifest.lock */,
				4C304C861964712A00946E97 /* Sources */,
				4C304C871964712A00946E97 /* Frameworks */,
				4C304C881964712A00946E97 /* Resources */,
				32F849747EAB4F7D8F018164 /* Copy Pods Resources */,
			);
			buildRules = (
			);
			dependencies = (
			);
			name = Buzzword;
			productName = Buzzword;
			productReference = 4C304C8A1964712A00946E97 /* Buzzword.app */;
			productType = "com.apple.product-type.application";
		};
		4C304CA41964712A00946E97 /* BuzzwordTests */ = {
			isa = PBXNativeTarget;
			buildConfigurationList = 4C304CB91964712A00946E97 /* Build configuration list for PBXNativeTarget "BuzzwordTests" */;
			buildPhases = (
				4C304CA11964712A00946E97 /* Sources */,
				4C304CA21964712A00946E97 /* Frameworks */,
				4C304CA31964712A00946E97 /* Resources */,
			);
			buildRules = (
			);
			dependencies = (
				4C304CAB1964712A00946E97 /* PBXTargetDependency */,
			);
			name = BuzzwordTests;
			productName = BuzzwordTests;
			productReference = 4C304CA51964712A00946E97 /* BuzzwordTests.xctest */;
			productType = "com.apple.product-type.bundle.unit-test";
		};
/* End PBXNativeTarget section */

/* Begin PBXProject section */
		4C304C821964712A00946E97 /* Project object */ = {
			isa = PBXProject;
			attributes = {
				CLASSPREFIX = FBZ;
				LastUpgradeCheck = 0500;
				ORGANIZATIONNAME = Firebase;
				TargetAttributes = {
					4C304CA41964712A00946E97 = {
						TestTargetID = 4C304C891964712A00946E97;
					};
				};
			};
			buildConfigurationList = 4C304C851964712A00946E97 /* Build configuration list for PBXProject "Buzzword" */;
			compatibilityVersion = "Xcode 3.2";
			developmentRegion = English;
			hasScannedForEncodings = 0;
			knownRegions = (
				en,
			);
			mainGroup = 4C304C811964712A00946E97;
			productRefGroup = 4C304C8B1964712A00946E97 /* Products */;
			projectDirPath = "";
			projectRoot = "";
			targets = (
				4C304C891964712A00946E97 /* Buzzword */,
				4C304CA41964712A00946E97 /* BuzzwordTests */,
			);
		};
/* End PBXProject section */

/* Begin PBXResourcesBuildPhase section */
		4C304C881964712A00946E97 /* Resources */ = {
			isa = PBXResourcesBuildPhase;
			buildActionMask = 2147483647;
			files = (
				4C304C981964712A00946E97 /* InfoPlist.strings in Resources */,
				4C304CD31964A2F300946E97 /* FBZLoginViewController.xib in Resources */,
				4C304CD91964C6D700946E97 /* FBZBuzzwordsTableViewController.xib in Resources */,
				4C304CA01964712A00946E97 /* Images.xcassets in Resources */,
				4C304CC219648F8F00946E97 /* FBZConferencesTableViewController.xib in Resources */,
			);
			runOnlyForDeploymentPostprocessing = 0;
		};
		4C304CA31964712A00946E97 /* Resources */ = {
			isa = PBXResourcesBuildPhase;
			buildActionMask = 2147483647;
			files = (
				4C304CB11964712A00946E97 /* InfoPlist.strings in Resources */,
			);
			runOnlyForDeploymentPostprocessing = 0;
		};
/* End PBXResourcesBuildPhase section */

/* Begin PBXShellScriptBuildPhase section */
		32F849747EAB4F7D8F018164 /* Copy Pods Resources */ = {
			isa = PBXShellScriptBuildPhase;
			buildActionMask = 2147483647;
			files = (
			);
			inputPaths = (
			);
			name = "Copy Pods Resources";
			outputPaths = (
			);
			runOnlyForDeploymentPostprocessing = 0;
			shellPath = /bin/sh;
			shellScript = "\"${SRCROOT}/Pods/Pods-resources.sh\"\n";
			showEnvVarsInLog = 0;
		};
		C519C0B18EB04AB2A555AF83 /* Check Pods Manifest.lock */ = {
			isa = PBXShellScriptBuildPhase;
			buildActionMask = 2147483647;
			files = (
			);
			inputPaths = (
			);
			name = "Check Pods Manifest.lock";
			outputPaths = (
			);
			runOnlyForDeploymentPostprocessing = 0;
			shellPath = /bin/sh;
			shellScript = "diff \"${PODS_ROOT}/../Podfile.lock\" \"${PODS_ROOT}/Manifest.lock\" > /dev/null\nif [[ $? != 0 ]] ; then\n    cat << EOM\nerror: The sandbox is not in sync with the Podfile.lock. Run 'pod install' or update your CocoaPods installation.\nEOM\n    exit 1\nfi\n";
			showEnvVarsInLog = 0;
		};
/* End PBXShellScriptBuildPhase section */

/* Begin PBXSourcesBuildPhase section */
		4C304C861964712A00946E97 /* Sources */ = {
			isa = PBXSourcesBuildPhase;
			buildActionMask = 2147483647;
			files = (
				4C304CC619649DEB00946E97 /* FBZConference.m in Sources */,
				4C304C9A1964712A00946E97 /* main.m in Sources */,
				4C304CD21964A2F300946E97 /* FBZLoginViewController.m in Sources */,
				4C304CD81964C6D700946E97 /* FBZBuzzwordsTableViewController.m in Sources */,
				4C304CC119648F8F00946E97 /* FBZConferencesTableViewController.m in Sources */,
				4C304C9E1964712A00946E97 /* FBZAppDelegate.m in Sources */,
			);
			runOnlyForDeploymentPostprocessing = 0;
		};
		4C304CA11964712A00946E97 /* Sources */ = {
			isa = PBXSourcesBuildPhase;
			buildActionMask = 2147483647;
			files = (
				4C304CB31964712A00946E97 /* BuzzwordTests.m in Sources */,
			);
			runOnlyForDeploymentPostprocessing = 0;
		};
/* End PBXSourcesBuildPhase section */

/* Begin PBXTargetDependency section */
		4C304CAB1964712A00946E97 /* PBXTargetDependency */ = {
			isa = PBXTargetDependency;
			target = 4C304C891964712A00946E97 /* Buzzword */;
			targetProxy = 4C304CAA1964712A00946E97 /* PBXContainerItemProxy */;
		};
/* End PBXTargetDependency section */

/* Begin PBXVariantGroup section */
		4C304C961964712A00946E97 /* InfoPlist.strings */ = {
			isa = PBXVariantGroup;
			children = (
				4C304C971964712A00946E97 /* en */,
			);
			name = InfoPlist.strings;
			sourceTree = "<group>";
		};
		4C304CAF1964712A00946E97 /* InfoPlist.strings */ = {
			isa = PBXVariantGroup;
			children = (
				4C304CB01964712A00946E97 /* en */,
			);
			name = InfoPlist.strings;
			sourceTree = "<group>";
		};
/* End PBXVariantGroup section */

/* Begin XCBuildConfiguration section */
		4C304CB41964712A00946E97 /* Debug */ = {
			isa = XCBuildConfiguration;
			buildSettings = {
				ALWAYS_SEARCH_USER_PATHS = NO;
				ARCHS = "$(ARCHS_STANDARD_INCLUDING_64_BIT)";
				CLANG_CXX_LANGUAGE_STANDARD = "gnu++0x";
				CLANG_CXX_LIBRARY = "libc++";
				CLANG_ENABLE_MODULES = YES;
				CLANG_ENABLE_OBJC_ARC = YES;
				CLANG_WARN_BOOL_CONVERSION = YES;
				CLANG_WARN_CONSTANT_CONVERSION = YES;
				CLANG_WARN_DIRECT_OBJC_ISA_USAGE = YES_ERROR;
				CLANG_WARN_EMPTY_BODY = YES;
				CLANG_WARN_ENUM_CONVERSION = YES;
				CLANG_WARN_INT_CONVERSION = YES;
				CLANG_WARN_OBJC_ROOT_CLASS = YES_ERROR;
				CLANG_WARN__DUPLICATE_METHOD_MATCH = YES;
				"CODE_SIGN_IDENTITY[sdk=iphoneos*]" = "iPhone Developer";
				COPY_PHASE_STRIP = NO;
				GCC_C_LANGUAGE_STANDARD = gnu99;
				GCC_DYNAMIC_NO_PIC = NO;
				GCC_OPTIMIZATION_LEVEL = 0;
				GCC_PREPROCESSOR_DEFINITIONS = (
					"DEBUG=1",
					"$(inherited)",
				);
				GCC_SYMBOLS_PRIVATE_EXTERN = NO;
				GCC_WARN_64_TO_32_BIT_CONVERSION = YES;
				GCC_WARN_ABOUT_RETURN_TYPE = YES_ERROR;
				GCC_WARN_UNDECLARED_SELECTOR = YES;
				GCC_WARN_UNINITIALIZED_AUTOS = YES;
				GCC_WARN_UNUSED_FUNCTION = YES;
				GCC_WARN_UNUSED_VARIABLE = YES;
				IPHONEOS_DEPLOYMENT_TARGET = 7.0;
				ONLY_ACTIVE_ARCH = YES;
				SDKROOT = iphoneos;
			};
			name = Debug;
		};
		4C304CB51964712A00946E97 /* Release */ = {
			isa = XCBuildConfiguration;
			buildSettings = {
				ALWAYS_SEARCH_USER_PATHS = NO;
				ARCHS = "$(ARCHS_STANDARD_INCLUDING_64_BIT)";
				CLANG_CXX_LANGUAGE_STANDARD = "gnu++0x";
				CLANG_CXX_LIBRARY = "libc++";
				CLANG_ENABLE_MODULES = YES;
				CLANG_ENABLE_OBJC_ARC = YES;
				CLANG_WARN_BOOL_CONVERSION = YES;
				CLANG_WARN_CONSTANT_CONVERSION = YES;
				CLANG_WARN_DIRECT_OBJC_ISA_USAGE = YES_ERROR;
				CLANG_WARN_EMPTY_BODY = YES;
				CLANG_WARN_ENUM_CONVERSION = YES;
				CLANG_WARN_INT_CONVERSION = YES;
				CLANG_WARN_OBJC_ROOT_CLASS = YES_ERROR;
				CLANG_WARN__DUPLICATE_METHOD_MATCH = YES;
				"CODE_SIGN_IDENTITY[sdk=iphoneos*]" = "iPhone Developer";
				COPY_PHASE_STRIP = YES;
				ENABLE_NS_ASSERTIONS = NO;
				GCC_C_LANGUAGE_STANDARD = gnu99;
				GCC_WARN_64_TO_32_BIT_CONVERSION = YES;
				GCC_WARN_ABOUT_RETURN_TYPE = YES_ERROR;
				GCC_WARN_UNDECLARED_SELECTOR = YES;
				GCC_WARN_UNINITIALIZED_AUTOS = YES;
				GCC_WARN_UNUSED_FUNCTION = YES;
				GCC_WARN_UNUSED_VARIABLE = YES;
				IPHONEOS_DEPLOYMENT_TARGET = 7.0;
				SDKROOT = iphoneos;
				VALIDATE_PRODUCT = YES;
			};
			name = Release;
		};
		4C304CB71964712A00946E97 /* Debug */ = {
			isa = XCBuildConfiguration;
			baseConfigurationReference = 627D0D9A49204EB3B2614887 /* Pods.xcconfig */;
			buildSettings = {
				ASSETCATALOG_COMPILER_APPICON_NAME = AppIcon;
				ASSETCATALOG_COMPILER_LAUNCHIMAGE_NAME = LaunchImage;
				FRAMEWORK_SEARCH_PATHS = (
					"$(inherited)",
					/Users/michael/Documents/Development/smorgasbord/Firebase/Buzzword,
				);
				GCC_PRECOMPILE_PREFIX_HEADER = YES;
				GCC_PREFIX_HEADER = "Buzzword/Buzzword-Prefix.pch";
				INFOPLIST_FILE = "Buzzword/Buzzword-Info.plist";
				PRODUCT_NAME = "$(TARGET_NAME)";
				WRAPPER_EXTENSION = app;
			};
			name = Debug;
		};
		4C304CB81964712A00946E97 /* Release */ = {
			isa = XCBuildConfiguration;
			baseConfigurationReference = 627D0D9A49204EB3B2614887 /* Pods.xcconfig */;
			buildSettings = {
				ASSETCATALOG_COMPILER_APPICON_NAME = AppIcon;
				ASSETCATALOG_COMPILER_LAUNCHIMAGE_NAME = LaunchImage;
				FRAMEWORK_SEARCH_PATHS = (
					"$(inherited)",
					/Users/michael/Documents/Development/smorgasbord/Firebase/Buzzword,
				);
				GCC_PRECOMPILE_PREFIX_HEADER = YES;
				GCC_PREFIX_HEADER = "Buzzword/Buzzword-Prefix.pch";
				INFOPLIST_FILE = "Buzzword/Buzzword-Info.plist";
				PRODUCT_NAME = "$(TARGET_NAME)";
				WRAPPER_EXTENSION = app;
			};
			name = Release;
		};
		4C304CBA1964712A00946E97 /* Debug */ = {
			isa = XCBuildConfiguration;
			buildSettings = {
				ARCHS = "$(ARCHS_STANDARD_INCLUDING_64_BIT)";
				BUNDLE_LOADER = "$(BUILT_PRODUCTS_DIR)/Buzzword.app/Buzzword";
				FRAMEWORK_SEARCH_PATHS = (
					"$(SDKROOT)/Developer/Library/Frameworks",
					"$(inherited)",
					"$(DEVELOPER_FRAMEWORKS_DIR)",
				);
				GCC_PRECOMPILE_PREFIX_HEADER = YES;
				GCC_PREFIX_HEADER = "Buzzword/Buzzword-Prefix.pch";
				GCC_PREPROCESSOR_DEFINITIONS = (
					"DEBUG=1",
					"$(inherited)",
				);
				INFOPLIST_FILE = "BuzzwordTests/BuzzwordTests-Info.plist";
				PRODUCT_NAME = "$(TARGET_NAME)";
				TEST_HOST = "$(BUNDLE_LOADER)";
				WRAPPER_EXTENSION = xctest;
			};
			name = Debug;
		};
		4C304CBB1964712A00946E97 /* Release */ = {
			isa = XCBuildConfiguration;
			buildSettings = {
				ARCHS = "$(ARCHS_STANDARD_INCLUDING_64_BIT)";
				BUNDLE_LOADER = "$(BUILT_PRODUCTS_DIR)/Buzzword.app/Buzzword";
				FRAMEWORK_SEARCH_PATHS = (
					"$(SDKROOT)/Developer/Library/Frameworks",
					"$(inherited)",
					"$(DEVELOPER_FRAMEWORKS_DIR)",
				);
				GCC_PRECOMPILE_PREFIX_HEADER = YES;
				GCC_PREFIX_HEADER = "Buzzword/Buzzword-Prefix.pch";
				INFOPLIST_FILE = "BuzzwordTests/BuzzwordTests-Info.plist";
				PRODUCT_NAME = "$(TARGET_NAME)";
				TEST_HOST = "$(BUNDLE_LOADER)";
				WRAPPER_EXTENSION = xctest;
			};
			name = Release;
		};
/* End XCBuildConfiguration section */

/* Begin XCConfigurationList section */
		4C304C851964712A00946E97 /* Build configuration list for PBXProject "Buzzword" */ = {
			isa = XCConfigurationList;
			buildConfigurations = (
				4C304CB41964712A00946E97 /* Debug */,
				4C304CB51964712A00946E97 /* Release */,
			);
			defaultConfigurationIsVisible = 0;
			defaultConfigurationName = Release;
		};
		4C304CB61964712A00946E97 /* Build configuration list for PBXNativeTarget "Buzzword" */ = {
			isa = XCConfigurationList;
			buildConfigurations = (
				4C304CB71964712A00946E97 /* Debug */,
				4C304CB81964712A00946E97 /* Release */,
			);
			defaultConfigurationIsVisible = 0;
			defaultConfigurationName = Release;
		};
		4C304CB91964712A00946E97 /* Build configuration list for PBXNativeTarget "BuzzwordTests" */ = {
			isa = XCConfigurationList;
			buildConfigurations = (
				4C304CBA1964712A00946E97 /* Debug */,
				4C304CBB1964712A00946E97 /* Release */,
			);
			defaultConfigurationIsVisible = 0;
			defaultConfigurationName = Release;
		};
/* End XCConfigurationList section */
	};
	rootObject = 4C304C821964712A00946E97 /* Project object */;
}
